<?xml version="1.0" encoding="utf-8"?>
<Project ToolsVersion="4.0" xmlns="http://schemas.microsoft.com/developer/msbuild/2003">
  <ItemGroup>
    <Filter Include="DirectX Manager">
      <UniqueIdentifier>{2d5cfcbd-10ab-4da7-aa65-1eb99accc47c}</UniqueIdentifier>
    </Filter>
    <Filter Include="Shaders">
      <UniqueIdentifier>{0234dc53-6b16-44fa-ace6-85e309df4d7b}</UniqueIdentifier>
    </Filter>
  </ItemGroup>
  <ItemGroup>
    <ClCompile Include="dxManager.cpp">
      <Filter>DirectX Manager</Filter>
    </ClCompile>
    <ClCompile Include="winMain.cpp" />
  </ItemGroup>
  <ItemGroup>
    <ClInclude Include="dxManager.h">
      <Filter>DirectX Manager</Filter>
    </ClInclude>
  </ItemGroup>
  <ItemGroup>
    <FxCompile Include="basicEffect.fx">
      <Filter>Shaders</Filter>
    </FxCompile>
  </ItemGroup>
</Project>